github.com/Avalanche-io/c4 v0.8.2-0.20251123060733-2d37ddd07577 h1:FIAB6lP5xigyYjp2w1jxgReaUKcCtfC62Set7PGokBk=
github.com/Avalanche-io/c4 v0.8.2-0.20251123060733-2d37ddd07577/go.mod h1:ub2If5UOnZxZU4wcgRgbO0GECltXi9Ul22a40kp4GFA=
github.com/absfs/absfs v0.9.1 h1:oDqxVXkvKDJT6oM5vgXgM5EuN93aSrpQ8rertfHGal4=
github.com/absfs/absfs v0.9.1/go.mod h1:IvFD36FQcMxLLZNhs2Lms+Uosc0G3AJ2JHOJIz8E5d8=
github.com/absfs/inode v0.9.1 h1:shpiZPZsMcw5PzckKqc9228gNxAR2VS0VH6LUqTWpu8=
github.com/absfs/inode v0.9.1/go.mod h1:98Uz4QOknMBXXWwXUIs2TzSwuz+9mbSAKASbwF1eld8=
github.com/absfs/memfs v0.9.1 h1:8Z/qkG+yg792POFDx6CzWT/Pekfq1Cf1FonmI/kw1dQ=
github.com/absfs/memfs v0.9.1/go.mod h1:b2n+OQX5offvf0arTfQinloiIxhcagzfMukaNVyA2yU=
github.com/xtgo/set v1.0.0 h1:6BCNBRv3ORNDQ7fyoJXRv+tstJz3m1JVFQErfeZz2pY=
github.com/xtgo/set v1.0.0/go.mod h1:d3NHzGzSa0NmB2NhFyECA+QdRp29oEn2xbT+TpeFoM8=
