github.com/Avalanche-io/c4 v0.8.2-0.20251123060733-2d37ddd07577 h1:FIAB6lP5xigyYjp2w1jxgReaUKcCtfC62Set7PGokBk=
github.com/Avalanche-io/c4 v0.8.2-0.20251123060733-2d37ddd07577/go.mod h1:ub2If5UOnZxZU4wcgRgbO0GECltXi9Ul22a40kp4GFA=
github.com/absfs/absfs v0.0.0-20251124175320-57b9f1cc64c5 h1:cyFtUcmUc6iwn3xUu8V4TJGdZukTu9j3SuYTbPgtlEo=
github.com/absfs/absfs v0.0.0-20251124175320-57b9f1cc64c5/go.mod h1:IvFD36FQcMxLLZNhs2Lms+Uosc0G3AJ2JHOJIz8E5d8=
github.com/absfs/inode v0.0.0-20190804195220-b7cd14cdd0dc h1:KjciuTgBUzV6RfeVLd/Ijhy9Iq7z0JoJ44te3fZaaNE=
github.com/absfs/inode v0.0.0-20190804195220-b7cd14cdd0dc/go.mod h1:lc9vQxyCSyrjclBTgazRvacmElJLj7VfpDmgDnL77o0=
github.com/absfs/memfs v0.0.0-20230318170722-e8d59e67c8b1 h1:bivMPRSx6Tb1/Cm9P0GcTfFBO++9f0w3o0YfepmRaMQ=
github.com/absfs/memfs v0.0.0-20230318170722-e8d59e67c8b1/go.mod h1:ITY8mYr6yHK7ZTNblu5zQk33tMIRaJhoa+YX8/talDk=
github.com/xtgo/set v1.0.0 h1:6BCNBRv3ORNDQ7fyoJXRv+tstJz3m1JVFQErfeZz2pY=
github.com/xtgo/set v1.0.0/go.mod h1:d3NHzGzSa0NmB2NhFyECA+QdRp29oEn2xbT+TpeFoM8=
